
Microsoft Visual Studio Solution File, Format Version 12.00
# Visual Studio Version 16
VisualStudioVersion = 16.0.31515.178
MinimumVisualStudioVersion = 10.0.40219.1
Project("{9A19103F-16F7-4668-BE54-9A1E7A4F7556}") = "PictureRenderer", "PictureRenderer\PictureRenderer.csproj", "{2CC5F5BC-77F6-4451-934B-3BD447ACDCE2}"
EndProject
Project("{FAE04EC0-301F-11D3-BF4B-00C04F79EFBC}") = "PictureRenderer.Tests", "PictureRendererTests\PictureRenderer.Tests.csproj", "{B31796A6-EC67-4FB1-AA81-E710BCA1202A}"
EndProject
Global
	GlobalSection(SolutionConfigurationPlatforms) = preSolution
		Debug|Any CPU = Debug|Any CPU
		Release|Any CPU = Release|Any CPU
	EndGlobalSection
	GlobalSection(ProjectConfigurationPlatforms) = postSolution
		{2CC5F5BC-77F6-4451-934B-3BD447ACDCE2}.Debug|Any CPU.ActiveCfg = Debug|Any CPU
		{2CC5F5BC-77F6-4451-934B-3BD447ACDCE2}.Debug|Any CPU.Build.0 = Debug|Any CPU
		{2CC5F5BC-77F6-4451-934B-3BD447ACDCE2}.Release|Any CPU.ActiveCfg = Release|Any CPU
		{2CC5F5BC-77F6-4451-934B-3BD447ACDCE2}.Release|Any CPU.Build.0 = Release|Any CPU
		{B31796A6-EC67-4FB1-AA81-E710BCA1202A}.Debug|Any CPU.ActiveCfg = Debug|Any CPU
		{B31796A6-EC67-4FB1-AA81-E710BCA1202A}.Debug|Any CPU.Build.0 = Debug|Any CPU
		{B31796A6-EC67-4FB1-AA81-E710BCA1202A}.Release|Any CPU.ActiveCfg = Release|Any CPU
		{B31796A6-EC67-4FB1-AA81-E710BCA1202A}.Release|Any CPU.Build.0 = Release|Any CPU
	EndGlobalSection
	GlobalSection(SolutionProperties) = preSolution
		HideSolutionNode = FALSE
	EndGlobalSection
	GlobalSection(ExtensibilityGlobals) = postSolution
		SolutionGuid = {EBD6CD06-885B-4465-A8E8-ABB402C19881}
	EndGlobalSection
EndGlobal
